{
  "lockfileVersion": 1,
  "workspaces": {
    "": {
      "name": "bunjs-template",
      "dependencies": {
        "@xdevplatform/xdk": "0.4.0",
      },
      "devDependencies": {
        "@types/bun": "1.3.9",
      },
    },
  },
  "packages": {
    "@types/bun": ["@types/bun@1.3.9", "", { "dependencies": { "bun-types": "1.3.9" } }, "sha512-KQ571yULOdWJiMH+RIWIOZ7B2RXQGpL1YQrBtLIV3FqDcCu6FsbFUBwhdKUlCKUpS3PJDsHlJ1QKlpxoVR+xtw=="],

    "@types/node": ["@types/node@22.10.9", "", { "dependencies": { "undici-types": "~6.20.0" } }, "sha512-Ir6hwgsKyNESl/gLOcEz3krR4CBGgliDqBQ2ma4wIhEx0w+xnoeTq3tdrNw15kU3SxogDjOgv9sqdtLW8mIHaw=="],

    "@xdevplatform/xdk": ["@xdevplatform/xdk@0.4.0", "", { "peerDependencies": { "node-fetch": "^3.3.0" }, "optionalPeers": ["node-fetch"] }, "sha512-jl0lPyMYVFaQOWvG2D4i8vC72/CMh/bOcMbjZA2jP5gUMV2MztC5zTEsF3I76VS8wxdDrtrOTiX2BRzKsua6LA=="],

    "bun-types": ["bun-types@1.3.9", "", { "dependencies": { "@types/node": "*" } }, "sha512-+UBWWOakIP4Tswh0Bt0QD0alpTY8cb5hvgiYeWCMet9YukHbzuruIEeXC2D7nMJPB12kbh8C7XJykSexEqGKJg=="],

    "undici-types": ["undici-types@6.20.0", "", {}, "sha512-Ny6QZ2Nju20vw1SRHe3d9jVu6gJ+4e3+MMpqu7pqE5HT6WsTSlce++GQmK5UXS8mzV8DSYHrQH+Xrf2jVcuKNg=="],
  }
}
